{
  "name": "test",
  "version": "1.0.0",
  "lockfileVersion": 1,
  "requires": true,
  "dependencies": {
    "react-native-tinker": {
      "version": "0.0.1",
      "resolved": "http://registry.npm.taobao.org/react-native-tinker/download/react-native-tinker-0.0.1.tgz",
      "integrity": "sha1-Cd8oPPgtGxfg9J3w9oIomGVb25M="
    }
  }
}
